{
	"requires": true,
	"lockfileVersion": 1,
	"dependencies": {
		"module-search": {
			"version": "0.2.4",
			"resolved": "https://registry.npmjs.org/module-search/-/module-search-0.2.4.tgz",
			"integrity": "sha512-C06yyLwEHslV89nflW4x2Y3pqqxv53A7HlpPbLyI30fMTYmsYqvBhiMjROiYZuBdzOE036n/5ZmepiC0+VVO8Q=="
		}
	}
}
